
Microsoft Visual Studio Solution File, Format Version 12.00
# Visual Studio Version 17
VisualStudioVersion = 17.0.31903.59
MinimumVisualStudioVersion = 10.0.40219.1
Project("{2150E333-8FDC-42A3-9474-1A3956D46DE8}") = "src", "src", "{2CB5381C-0134-4E08-B73B-A1EFC626D822}"
EndProject
Project("{F2A71F9B-5D33-465A-A702-920D77279786}") = "ForwardCli", "src\ForwardCli\ForwardCli.fsproj", "{A4A58AB0-7B99-49CE-9590-52D378FA50D9}"
EndProject
Project("{F2A71F9B-5D33-465A-A702-920D77279786}") = "Forward", "src\Forward\Forward.fsproj", "{7FC0F4B1-E1DA-4A81-88DC-AD89F7028E43}"
EndProject
Project("{2150E333-8FDC-42A3-9474-1A3956D46DE8}") = "tests", "tests", "{AB834B8A-F9F8-49AF-9BEE-79321688905E}"
EndProject
Project("{F2A71F9B-5D33-465A-A702-920D77279786}") = "Forward.Tests", "tests\Forward.Tests\Forward.Tests.fsproj", "{2BC82D83-1220-4E86-9D2B-3CB6DAE279BD}"
EndProject
Global
	GlobalSection(SolutionConfigurationPlatforms) = preSolution
		Debug|Any CPU = Debug|Any CPU
		Release|Any CPU = Release|Any CPU
	EndGlobalSection
	GlobalSection(SolutionProperties) = preSolution
		HideSolutionNode = FALSE
	EndGlobalSection
	GlobalSection(ProjectConfigurationPlatforms) = postSolution
		{A4A58AB0-7B99-49CE-9590-52D378FA50D9}.Debug|Any CPU.ActiveCfg = Debug|Any CPU
		{A4A58AB0-7B99-49CE-9590-52D378FA50D9}.Debug|Any CPU.Build.0 = Debug|Any CPU
		{A4A58AB0-7B99-49CE-9590-52D378FA50D9}.Release|Any CPU.ActiveCfg = Release|Any CPU
		{A4A58AB0-7B99-49CE-9590-52D378FA50D9}.Release|Any CPU.Build.0 = Release|Any CPU
		{7FC0F4B1-E1DA-4A81-88DC-AD89F7028E43}.Debug|Any CPU.ActiveCfg = Debug|Any CPU
		{7FC0F4B1-E1DA-4A81-88DC-AD89F7028E43}.Debug|Any CPU.Build.0 = Debug|Any CPU
		{7FC0F4B1-E1DA-4A81-88DC-AD89F7028E43}.Release|Any CPU.ActiveCfg = Release|Any CPU
		{7FC0F4B1-E1DA-4A81-88DC-AD89F7028E43}.Release|Any CPU.Build.0 = Release|Any CPU
		{2BC82D83-1220-4E86-9D2B-3CB6DAE279BD}.Debug|Any CPU.ActiveCfg = Debug|Any CPU
		{2BC82D83-1220-4E86-9D2B-3CB6DAE279BD}.Debug|Any CPU.Build.0 = Debug|Any CPU
		{2BC82D83-1220-4E86-9D2B-3CB6DAE279BD}.Release|Any CPU.ActiveCfg = Release|Any CPU
		{2BC82D83-1220-4E86-9D2B-3CB6DAE279BD}.Release|Any CPU.Build.0 = Release|Any CPU
	EndGlobalSection
	GlobalSection(NestedProjects) = preSolution
		{A4A58AB0-7B99-49CE-9590-52D378FA50D9} = {2CB5381C-0134-4E08-B73B-A1EFC626D822}
		{7FC0F4B1-E1DA-4A81-88DC-AD89F7028E43} = {2CB5381C-0134-4E08-B73B-A1EFC626D822}
		{2BC82D83-1220-4E86-9D2B-3CB6DAE279BD} = {AB834B8A-F9F8-49AF-9BEE-79321688905E}
	EndGlobalSection
EndGlobal
